
Microsoft Visual Studio Solution File, Format Version 12.00
# Visual Studio Version 17
VisualStudioVersion = 17.10.35013.160
MinimumVisualStudioVersion = 10.0.40219.1
Project("{9A19103F-16F7-4668-BE54-9A1E7A4F7556}") = "TestApp", "TestApp.csproj", "{90C6F48C-7424-40B0-9363-A71BF4252B91}"
EndProject
Project("{9A19103F-16F7-4668-BE54-9A1E7A4F7556}") = "HomeWork3", "..\HomeWork3\HomeWork3.csproj", "{8761EB5E-E6D5-41F2-B6A6-52E977CC3608}"
EndProject
Project("{9A19103F-16F7-4668-BE54-9A1E7A4F7556}") = "HomeWork4", "..\HomeWork4\HomeWork4.csproj", "{E74C5D15-355F-4723-8FC5-6D1D6878C4DD}"
EndProject
Project("{9A19103F-16F7-4668-BE54-9A1E7A4F7556}") = "HomeWork5", "..\HomeWork5\HomeWork5.csproj", "{DBABEA96-5B74-4547-B514-3E5967D5180B}"
EndProject
Project("{9A19103F-16F7-4668-BE54-9A1E7A4F7556}") = "HomeWork6", "..\HomeWork6\HomeWork6.csproj", "{3A32FA8A-9A8A-42CA-9281-5A90C705C84A}"
EndProject
Project("{9A19103F-16F7-4668-BE54-9A1E7A4F7556}") = "HomeWork7", "..\HomeWork7\HomeWork7.csproj", "{C0EB7A4C-8162-4EBF-ACCD-E44B2D5AFE85}"
EndProject
Project("{FAE04EC0-301F-11D3-BF4B-00C04F79EFBC}") = "HomeWork8", "..\HomeWork8\HomeWork8.csproj", "{72CC4146-A359-4618-AE89-2AD221D1248F}"
EndProject
Project("{FAE04EC0-301F-11D3-BF4B-00C04F79EFBC}") = "HomeWork8Additional", "..\HomeWork8Additional\HomeWork8Additional.csproj", "{0A0EA6F7-9F1F-43D5-9553-348A4723D261}"
EndProject
Global
	GlobalSection(SolutionConfigurationPlatforms) = preSolution
		Debug|Any CPU = Debug|Any CPU
		Release|Any CPU = Release|Any CPU
	EndGlobalSection
	GlobalSection(ProjectConfigurationPlatforms) = postSolution
		{90C6F48C-7424-40B0-9363-A71BF4252B91}.Debug|Any CPU.ActiveCfg = Debug|Any CPU
		{90C6F48C-7424-40B0-9363-A71BF4252B91}.Debug|Any CPU.Build.0 = Debug|Any CPU
		{90C6F48C-7424-40B0-9363-A71BF4252B91}.Release|Any CPU.ActiveCfg = Release|Any CPU
		{90C6F48C-7424-40B0-9363-A71BF4252B91}.Release|Any CPU.Build.0 = Release|Any CPU
		{8761EB5E-E6D5-41F2-B6A6-52E977CC3608}.Debug|Any CPU.ActiveCfg = Debug|Any CPU
		{8761EB5E-E6D5-41F2-B6A6-52E977CC3608}.Debug|Any CPU.Build.0 = Debug|Any CPU
		{8761EB5E-E6D5-41F2-B6A6-52E977CC3608}.Release|Any CPU.ActiveCfg = Release|Any CPU
		{8761EB5E-E6D5-41F2-B6A6-52E977CC3608}.Release|Any CPU.Build.0 = Release|Any CPU
		{E74C5D15-355F-4723-8FC5-6D1D6878C4DD}.Debug|Any CPU.ActiveCfg = Debug|Any CPU
		{E74C5D15-355F-4723-8FC5-6D1D6878C4DD}.Debug|Any CPU.Build.0 = Debug|Any CPU
		{E74C5D15-355F-4723-8FC5-6D1D6878C4DD}.Release|Any CPU.ActiveCfg = Release|Any CPU
		{E74C5D15-355F-4723-8FC5-6D1D6878C4DD}.Release|Any CPU.Build.0 = Release|Any CPU
		{DBABEA96-5B74-4547-B514-3E5967D5180B}.Debug|Any CPU.ActiveCfg = Debug|Any CPU
		{DBABEA96-5B74-4547-B514-3E5967D5180B}.Debug|Any CPU.Build.0 = Debug|Any CPU
		{DBABEA96-5B74-4547-B514-3E5967D5180B}.Release|Any CPU.ActiveCfg = Release|Any CPU
		{DBABEA96-5B74-4547-B514-3E5967D5180B}.Release|Any CPU.Build.0 = Release|Any CPU
		{3A32FA8A-9A8A-42CA-9281-5A90C705C84A}.Debug|Any CPU.ActiveCfg = Debug|Any CPU
		{3A32FA8A-9A8A-42CA-9281-5A90C705C84A}.Debug|Any CPU.Build.0 = Debug|Any CPU
		{3A32FA8A-9A8A-42CA-9281-5A90C705C84A}.Release|Any CPU.ActiveCfg = Release|Any CPU
		{3A32FA8A-9A8A-42CA-9281-5A90C705C84A}.Release|Any CPU.Build.0 = Release|Any CPU
		{C0EB7A4C-8162-4EBF-ACCD-E44B2D5AFE85}.Debug|Any CPU.ActiveCfg = Debug|Any CPU
		{C0EB7A4C-8162-4EBF-ACCD-E44B2D5AFE85}.Debug|Any CPU.Build.0 = Debug|Any CPU
		{C0EB7A4C-8162-4EBF-ACCD-E44B2D5AFE85}.Release|Any CPU.ActiveCfg = Release|Any CPU
		{C0EB7A4C-8162-4EBF-ACCD-E44B2D5AFE85}.Release|Any CPU.Build.0 = Release|Any CPU
		{72CC4146-A359-4618-AE89-2AD221D1248F}.Debug|Any CPU.ActiveCfg = Debug|Any CPU
		{72CC4146-A359-4618-AE89-2AD221D1248F}.Debug|Any CPU.Build.0 = Debug|Any CPU
		{72CC4146-A359-4618-AE89-2AD221D1248F}.Release|Any CPU.ActiveCfg = Release|Any CPU
		{72CC4146-A359-4618-AE89-2AD221D1248F}.Release|Any CPU.Build.0 = Release|Any CPU
		{0A0EA6F7-9F1F-43D5-9553-348A4723D261}.Debug|Any CPU.ActiveCfg = Debug|Any CPU
		{0A0EA6F7-9F1F-43D5-9553-348A4723D261}.Debug|Any CPU.Build.0 = Debug|Any CPU
		{0A0EA6F7-9F1F-43D5-9553-348A4723D261}.Release|Any CPU.ActiveCfg = Release|Any CPU
		{0A0EA6F7-9F1F-43D5-9553-348A4723D261}.Release|Any CPU.Build.0 = Release|Any CPU
	EndGlobalSection
	GlobalSection(SolutionProperties) = preSolution
		HideSolutionNode = FALSE
	EndGlobalSection
	GlobalSection(ExtensibilityGlobals) = postSolution
		SolutionGuid = {4BFDFC17-284A-4535-94A9-3F32915401B5}
	EndGlobalSection
EndGlobal
